
Microsoft Visual Studio Solution File, Format Version 12.00
# Visual Studio Version 17
VisualStudioVersion = 17.10.35013.160
MinimumVisualStudioVersion = 10.0.40219.1
Project("{FAE04EC0-301F-11D3-BF4B-00C04F79EFBC}") = "GroceryShopAPIConsume", "GroceryShopAPIConsume\GroceryShopAPIConsume.csproj", "{7EA4CCF8-837B-4ABC-8A9C-C23A38B57DCE}"
EndProject
Global
	GlobalSection(SolutionConfigurationPlatforms) = preSolution
		Debug|Any CPU = Debug|Any CPU
		Release|Any CPU = Release|Any CPU
	EndGlobalSection
	GlobalSection(ProjectConfigurationPlatforms) = postSolution
		{7EA4CCF8-837B-4ABC-8A9C-C23A38B57DCE}.Debug|Any CPU.ActiveCfg = Debug|Any CPU
		{7EA4CCF8-837B-4ABC-8A9C-C23A38B57DCE}.Debug|Any CPU.Build.0 = Debug|Any CPU
		{7EA4CCF8-837B-4ABC-8A9C-C23A38B57DCE}.Release|Any CPU.ActiveCfg = Release|Any CPU
		{7EA4CCF8-837B-4ABC-8A9C-C23A38B57DCE}.Release|Any CPU.Build.0 = Release|Any CPU
	EndGlobalSection
	GlobalSection(SolutionProperties) = preSolution
		HideSolutionNode = FALSE
	EndGlobalSection
	GlobalSection(ExtensibilityGlobals) = postSolution
		SolutionGuid = {CE0D9818-9FD3-4529-8FB0-018192B4463C}
	EndGlobalSection
EndGlobal
